
Microsoft Visual Studio Solution File, Format Version 12.00
# Visual Studio Version 16
VisualStudioVersion = 16.0.29102.190
MinimumVisualStudioVersion = 10.0.40219.1
Project("{FAE04EC0-301F-11D3-BF4B-00C04F79EFBC}") = "HampusChallenge", "HampusChallenge\HampusChallenge.csproj", "{9EBBA3C4-6896-4718-890D-B30BC4AB81BC}"
EndProject
Global
	GlobalSection(SolutionConfigurationPlatforms) = preSolution
		Debug|Any CPU = Debug|Any CPU
		Release|Any CPU = Release|Any CPU
	EndGlobalSection
	GlobalSection(ProjectConfigurationPlatforms) = postSolution
		{9EBBA3C4-6896-4718-890D-B30BC4AB81BC}.Debug|Any CPU.ActiveCfg = Debug|Any CPU
		{9EBBA3C4-6896-4718-890D-B30BC4AB81BC}.Debug|Any CPU.Build.0 = Debug|Any CPU
		{9EBBA3C4-6896-4718-890D-B30BC4AB81BC}.Release|Any CPU.ActiveCfg = Release|Any CPU
		{9EBBA3C4-6896-4718-890D-B30BC4AB81BC}.Release|Any CPU.Build.0 = Release|Any CPU
	EndGlobalSection
	GlobalSection(SolutionProperties) = preSolution
		HideSolutionNode = FALSE
	EndGlobalSection
	GlobalSection(ExtensibilityGlobals) = postSolution
		SolutionGuid = {0F8B9B63-0C55-4991-B42B-3B944653D5AE}
	EndGlobalSection
EndGlobal
